{
  "nodes": {
    "nixpkgs": {
      "locked": {
        "lastModified": 1610119483,
        "narHash": "sha256-EJPIof8+pbVqmOMqDK9C5Ry49NdMNpPc3uYEgklZRaQ=",
        "owner": "erictapen",
        "repo": "Nixpkgs",
        "rev": "bb61409b919450bc1f75ed0e0c3b4ec9284db189",
        "type": "github"
      },
      "original": {
        "owner": "erictapen",
        "ref": "sequoia-crate-overrides",
        "repo": "Nixpkgs",
        "type": "github"
      }
    },
    "root": {
      "inputs": {
        "nixpkgs": "nixpkgs"
      }
    }
  },
  "root": "root",
  "version": 7
}
