{
  "nodes": {
    "nixpkgs": {
      "locked": {
        "lastModified": 1592668459,
        "narHash": "sha256-hzukh43ECWhvLmQbXdrPy8YLcYYwN3afeQQ+mRkpxac=",
        "owner": "NixOS",
        "repo": "nixpkgs",
        "rev": "4cdd64d9078181e8fcb6132909dc2835059a09bd",
        "type": "github"
      },
      "original": {
        "owner": "NixOS",
        "ref": "nixos-unstable",
        "repo": "nixpkgs",
        "type": "github"
      }
    },
    "root": {
      "inputs": {
        "nixpkgs": "nixpkgs"
      }
    }
  },
  "root": "root",
  "version": 7
}
